
Microsoft Visual Studio Solution File, Format Version 12.00
# Visual Studio Version 16
VisualStudioVersion = 16.0.29728.190
MinimumVisualStudioVersion = 10.0.40219.1
Project("{FAE04EC0-301F-11D3-BF4B-00C04F79EFBC}") = "Mario", "Mario\Mario.csproj", "{5679C531-A62E-44BE-A06F-46CC70AF487C}"
EndProject
Global
	GlobalSection(SolutionConfigurationPlatforms) = preSolution
		Debug|Any CPU = Debug|Any CPU
		Release|Any CPU = Release|Any CPU
	EndGlobalSection
	GlobalSection(ProjectConfigurationPlatforms) = postSolution
		{5679C531-A62E-44BE-A06F-46CC70AF487C}.Debug|Any CPU.ActiveCfg = Debug|Any CPU
		{5679C531-A62E-44BE-A06F-46CC70AF487C}.Debug|Any CPU.Build.0 = Debug|Any CPU
		{5679C531-A62E-44BE-A06F-46CC70AF487C}.Release|Any CPU.ActiveCfg = Release|Any CPU
		{5679C531-A62E-44BE-A06F-46CC70AF487C}.Release|Any CPU.Build.0 = Release|Any CPU
	EndGlobalSection
	GlobalSection(SolutionProperties) = preSolution
		HideSolutionNode = FALSE
	EndGlobalSection
	GlobalSection(ExtensibilityGlobals) = postSolution
		SolutionGuid = {6CBF16B8-7072-4F75-A3F0-D81716F0C932}
	EndGlobalSection
EndGlobal
